
Microsoft Visual Studio Solution File, Format Version 12.00
# Visual Studio 15
VisualStudioVersion = 15.0.28307.329
MinimumVisualStudioVersion = 10.0.40219.1
Project("{FAE04EC0-301F-11D3-BF4B-00C04F79EFBC}") = "TrashCollector", "TrashCollector\TrashCollector.csproj", "{AC61A87D-0C21-4D66-BBDF-8565BBF94C06}"
EndProject
Global
	GlobalSection(SolutionConfigurationPlatforms) = preSolution
		Debug|Any CPU = Debug|Any CPU
		Release|Any CPU = Release|Any CPU
	EndGlobalSection
	GlobalSection(ProjectConfigurationPlatforms) = postSolution
		{AC61A87D-0C21-4D66-BBDF-8565BBF94C06}.Debug|Any CPU.ActiveCfg = Debug|Any CPU
		{AC61A87D-0C21-4D66-BBDF-8565BBF94C06}.Debug|Any CPU.Build.0 = Debug|Any CPU
		{AC61A87D-0C21-4D66-BBDF-8565BBF94C06}.Release|Any CPU.ActiveCfg = Release|Any CPU
		{AC61A87D-0C21-4D66-BBDF-8565BBF94C06}.Release|Any CPU.Build.0 = Release|Any CPU
	EndGlobalSection
	GlobalSection(SolutionProperties) = preSolution
		HideSolutionNode = FALSE
	EndGlobalSection
	GlobalSection(ExtensibilityGlobals) = postSolution
		SolutionGuid = {752A2CF3-A9BF-4847-94AC-BDCD7330D7B6}
	EndGlobalSection
EndGlobal
